// !$*UTF8*$!
{
	archiveVersion = 1;
	classes = {
	};
	objectVersion = 46;
	objects = {

/* Begin PBXBuildFile section */
		E9A9FC6618C7046A00905F36 /* Foundation.framework in Frameworks */ = {isa = PBXBuildFile; fileRef = E9A9FC6518C7046A00905F36 /* Foundation.framework */; };
		E9A9FC6818C7046A00905F36 /* CoreGraphics.framework in Frameworks */ = {isa = PBXBuildFile; fileRef = E9A9FC6718C7046A00905F36 /* CoreGraphics.framework */; };
		E9A9FC6A18C7046A00905F36 /* UIKit.framework in Frameworks */ = {isa = PBXBuildFile; fileRef = E9A9FC6918C7046A00905F36 /* UIKit.framework */; };
		E9A9FC7018C7046B00905F36 /* InfoPlist.strings in Resources */ = {isa = PBXBuildFile; fileRef = E9A9FC6E18C7046B00905F36 /* InfoPlist.strings */; };
		E9A9FC7218C7046B00905F36 /* main.m in Sources */ = {isa = PBXBuildFile; fileRef = E9A9FC7118C7046B00905F36 /* main.m */; };
		E9A9FC7618C7046B00905F36 /* JZHAppDelegate.m in Sources */ = {isa = PBXBuildFile; fileRef = E9A9FC7518C7046B00905F36 /* JZHAppDelegate.m */; };
		E9A9FC7918C7046B00905F36 /* Main.storyboard in Resources */ = {isa = PBXBuildFile; fileRef = E9A9FC7718C7046B00905F36 /* Main.storyboard */; };
		E9A9FC7C18C7046B00905F36 /* JZHViewController.m in Sources */ = {isa = PBXBuildFile; fileRef = E9A9FC7B18C7046B00905F36 /* JZHViewController.m */; };
		E9A9FC7E18C7046B00905F36 /* Images.xcassets in Resources */ = {isa = PBXBuildFile; fileRef = E9A9FC7D18C7046B00905F36 /* Images.xcassets */; };
		E9A9FC8518C7046B00905F36 /* XCTest.framework in Frameworks */ = {isa = PBXBuildFile; fileRef = E9A9FC8418C7046B00905F36 /* XCTest.framework */; };
		E9A9FC8618C7046B00905F36 /* Foundation.framework in Frameworks */ = {isa = PBXBuildFile; fileRef = E9A9FC6518C7046A00905F36 /* Foundation.framework */; };
		E9A9FC8718C7046B00905F36 /* UIKit.framework in Frameworks */ = {isa = PBXBuildFile; fileRef = E9A9FC6918C7046A00905F36 /* UIKit.framework */; };
		E9A9FC8F18C7046B00905F36 /* InfoPlist.strings in Resources */ = {isa = PBXBuildFile; fileRef = E9A9FC8D18C7046B00905F36 /* InfoPlist.strings */; };
		E9A9FC9118C7046B00905F36 /* UITableViewControllerChallengeTests.m in Sources */ = {isa = PBXBuildFile; fileRef = E9A9FC9018C7046B00905F36 /* UITableViewControllerChallengeTests.m */; };
/* End PBXBuildFile section */

/* Begin PBXContainerItemProxy section */
		E9A9FC8818C7046B00905F36 /* PBXContainerItemProxy */ = {
			isa = PBXContainerItemProxy;
			containerPortal = E9A9FC5A18C7046A00905F36 /* Project object */;
			proxyType = 1;
			remoteGlobalIDString = E9A9FC6118C7046A00905F36;
			remoteInfo = UITableViewControllerChallenge;
		};
/* End PBXContainerItemProxy section */

/* Begin PBXFileReference section */
		E9A9FC6218C7046A00905F36 /* UITableViewControllerChallenge.app */ = {isa = PBXFileReference; explicitFileType = wrapper.application; includeInIndex = 0; path = UITableViewControllerChallenge.app; sourceTree = BUILT_PRODUCTS_DIR; };
		E9A9FC6518C7046A00905F36 /* Foundation.framework */ = {isa = PBXFileReference; lastKnownFileType = wrapper.framework; name = Foundation.framework; path = System/Library/Frameworks/Foundation.framework; sourceTree = SDKROOT; };
		E9A9FC6718C7046A00905F36 /* CoreGraphics.framework */ = {isa = PBXFileReference; lastKnownFileType = wrapper.framework; name = CoreGraphics.framework; path = System/Library/Frameworks/CoreGraphics.framework; sourceTree = SDKROOT; };
		E9A9FC6918C7046A00905F36 /* UIKit.framework */ = {isa = PBXFileReference; lastKnownFileType = wrapper.framework; name = UIKit.framework; path = System/Library/Frameworks/UIKit.framework; sourceTree = SDKROOT; };
		E9A9FC6D18C7046B00905F36 /* UITableViewControllerChallenge-Info.plist */ = {isa = PBXFileReference; lastKnownFileType = text.plist.xml; path = "UITableViewControllerChallenge-Info.plist"; sourceTree = "<group>"; };
		E9A9FC6F18C7046B00905F36 /* en */ = {isa = PBXFileReference; lastKnownFileType = text.plist.strings; name = en; path = en.lproj/InfoPlist.strings; sourceTree = "<group>"; };
		E9A9FC7118C7046B00905F36 /* main.m */ = {isa = PBXFileReference; lastKnownFileType = sourcecode.c.objc; path = main.m; sourceTree = "<group>"; };
		E9A9FC7318C7046B00905F36 /* UITableViewControllerChallenge-Prefix.pch */ = {isa = PBXFileReference; lastKnownFileType = sourcecode.c.h; path = "UITableViewControllerChallenge-Prefix.pch"; sourceTree = "<group>"; };
		E9A9FC7418C7046B00905F36 /* JZHAppDelegate.h */ = {isa = PBXFileReference; lastKnownFileType = sourcecode.c.h; path = JZHAppDelegate.h; sourceTree = "<group>"; };
		E9A9FC7518C7046B00905F36 /* JZHAppDelegate.m */ = {isa = PBXFileReference; lastKnownFileType = sourcecode.c.objc; path = JZHAppDelegate.m; sourceTree = "<group>"; };
		E9A9FC7818C7046B00905F36 /* Base */ = {isa = PBXFileReference; lastKnownFileType = file.storyboard; name = Base; path = Base.lproj/Main.storyboard; sourceTree = "<group>"; };
		E9A9FC7A18C7046B00905F36 /* JZHViewController.h */ = {isa = PBXFileReference; lastKnownFileType = sourcecode.c.h; path = JZHViewController.h; sourceTree = "<group>"; };
		E9A9FC7B18C7046B00905F36 /* JZHViewController.m */ = {isa = PBXFileReference; lastKnownFileType = sourcecode.c.objc; path = JZHViewController.m; sourceTree = "<group>"; };
		E9A9FC7D18C7046B00905F36 /* Images.xcassets */ = {isa = PBXFileReference; lastKnownFileType = folder.assetcatalog; path = Images.xcassets; sourceTree = "<group>"; };
		E9A9FC8318C7046B00905F36 /* UITableViewControllerChallengeTests.xctest */ = {isa = PBXFileReference; explicitFileType = wrapper.cfbundle; includeInIndex = 0; path = UITableViewControllerChallengeTests.xctest; sourceTree = BUILT_PRODUCTS_DIR; };
		E9A9FC8418C7046B00905F36 /* XCTest.framework */ = {isa = PBXFileReference; lastKnownFileType = wrapper.framework; name = XCTest.framework; path = Library/Frameworks/XCTest.framework; sourceTree = DEVELOPER_DIR; };
		E9A9FC8C18C7046B00905F36 /* UITableViewControllerChallengeTests-Info.plist */ = {isa = PBXFileReference; lastKnownFileType = text.plist.xml; path = "UITableViewControllerChallengeTests-Info.plist"; sourceTree = "<group>"; };
		E9A9FC8E18C7046B00905F36 /* en */ = {isa = PBXFileReference; lastKnownFileType = text.plist.strings; name = en; path = en.lproj/InfoPlist.strings; sourceTree = "<group>"; };
		E9A9FC9018C7046B00905F36 /* UITableViewControllerChallengeTests.m */ = {isa = PBXFileReference; lastKnownFileType = sourcecode.c.objc; path = UITableViewControllerChallengeTests.m; sourceTree = "<group>"; };
/* End PBXFileReference section */

/* Begin PBXFrameworksBuildPhase section */
		E9A9FC5F18C7046A00905F36 /* Frameworks */ = {
			isa = PBXFrameworksBuildPhase;
			buildActionMask = 2147483647;
			files = (
				E9A9FC6818C7046A00905F36 /* CoreGraphics.framework in Frameworks */,
				E9A9FC6A18C7046A00905F36 /* UIKit.framework in Frameworks */,
				E9A9FC6618C7046A00905F36 /* Foundation.framework in Frameworks */,
			);
			runOnlyForDeploymentPostprocessing = 0;
		};
		E9A9FC8018C7046B00905F36 /* Frameworks */ = {
			isa = PBXFrameworksBuildPhase;
			buildActionMask = 2147483647;
			files = (
				E9A9FC8518C7046B00905F36 /* XCTest.framework in Frameworks */,
				E9A9FC8718C7046B00905F36 /* UIKit.framework in Frameworks */,
				E9A9FC8618C7046B00905F36 /* Foundation.framework in Frameworks */,
			);
			runOnlyForDeploymentPostprocessing = 0;
		};
/* End PBXFrameworksBuildPhase section */

/* Begin PBXGroup section */
		E9A9FC5918C7046A00905F36 = {
			isa = PBXGroup;
			children = (
				E9A9FC6B18C7046B00905F36 /* UITableViewControllerChallenge */,
				E9A9FC8A18C7046B00905F36 /* UITableViewControllerChallengeTests */,
				E9A9FC6418C7046A00905F36 /* Frameworks */,
				E9A9FC6318C7046A00905F36 /* Products */,
			);
			sourceTree = "<group>";
		};
		E9A9FC6318C7046A00905F36 /* Products */ = {
			isa = PBXGroup;
			children = (
				E9A9FC6218C7046A00905F36 /* UITableViewControllerChallenge.app */,
				E9A9FC8318C7046B00905F36 /* UITableViewControllerChallengeTests.xctest */,
			);
			name = Products;
			sourceTree = "<group>";
		};
		E9A9FC6418C7046A00905F36 /* Frameworks */ = {
			isa = PBXGroup;
			children = (
				E9A9FC6518C7046A00905F36 /* Foundation.framework */,
				E9A9FC6718C7046A00905F36 /* CoreGraphics.framework */,
				E9A9FC6918C7046A00905F36 /* UIKit.framework */,
				E9A9FC8418C7046B00905F36 /* XCTest.framework */,
			);
			name = Frameworks;
			sourceTree = "<group>";
		};
		E9A9FC6B18C7046B00905F36 /* UITableViewControllerChallenge */ = {
			isa = PBXGroup;
			children = (
				E9A9FC7418C7046B00905F36 /* JZHAppDelegate.h */,
				E9A9FC7518C7046B00905F36 /* JZHAppDelegate.m */,
				E9A9FC7718C7046B00905F36 /* Main.storyboard */,
				E9A9FC7A18C7046B00905F36 /* JZHViewController.h */,
				E9A9FC7B18C7046B00905F36 /* JZHViewController.m */,
				E9A9FC7D18C7046B00905F36 /* Images.xcassets */,
				E9A9FC6C18C7046B00905F36 /* Supporting Files */,
			);
			path = UITableViewControllerChallenge;
			sourceTree = "<group>";
		};
		E9A9FC6C18C7046B00905F36 /* Supporting Files */ = {
			isa = PBXGroup;
			children = (
				E9A9FC6D18C7046B00905F36 /* UITableViewControllerChallenge-Info.plist */,
				E9A9FC6E18C7046B00905F36 /* InfoPlist.strings */,
				E9A9FC7118C7046B00905F36 /* main.m */,
				E9A9FC7318C7046B00905F36 /* UITableViewControllerChallenge-Prefix.pch */,
			);
			name = "Supporting Files";
			sourceTree = "<group>";
		};
		E9A9FC8A18C7046B00905F36 /* UITableViewControllerChallengeTests */ = {
			isa = PBXGroup;
			children = (
				E9A9FC9018C7046B00905F36 /* UITableViewControllerChallengeTests.m */,
				E9A9FC8B18C7046B00905F36 /* Supporting Files */,
			);
			path = UITableViewControllerChallengeTests;
			sourceTree = "<group>";
		};
		E9A9FC8B18C7046B00905F36 /* Supporting Files */ = {
			isa = PBXGroup;
			children = (
				E9A9FC8C18C7046B00905F36 /* UITableViewControllerChallengeTests-Info.plist */,
				E9A9FC8D18C7046B00905F36 /* InfoPlist.strings */,
			);
			name = "Supporting Files";
			sourceTree = "<group>";
		};
/* End PBXGroup section */

/* Begin PBXNativeTarget section */
		E9A9FC6118C7046A00905F36 /* UITableViewControllerChallenge */ = {
			isa = PBXNativeTarget;
			buildConfigurationList = E9A9FC9418C7046B00905F36 /* Build configuration list for PBXNativeTarget "UITableViewControllerChallenge" */;
			buildPhases = (
				E9A9FC5E18C7046A00905F36 /* Sources */,
				E9A9FC5F18C7046A00905F36 /* Frameworks */,
				E9A9FC6018C7046A00905F36 /* Resources */,
			);
			buildRules = (
			);
			dependencies = (
			);
			name = UITableViewControllerChallenge;
			productName = UITableViewControllerChallenge;
			productReference = E9A9FC6218C7046A00905F36 /* UITableViewControllerChallenge.app */;
			productType = "com.apple.product-type.application";
		};
		E9A9FC8218C7046B00905F36 /* UITableViewControllerChallengeTests */ = {
			isa = PBXNativeTarget;
			buildConfigurationList = E9A9FC9718C7046B00905F36 /* Build configuration list for PBXNativeTarget "UITableViewControllerChallengeTests" */;
			buildPhases = (
				E9A9FC7F18C7046B00905F36 /* Sources */,
				E9A9FC8018C7046B00905F36 /* Frameworks */,
				E9A9FC8118C7046B00905F36 /* Resources */,
			);
			buildRules = (
			);
			dependencies = (
				E9A9FC8918C7046B00905F36 /* PBXTargetDependency */,
			);
			name = UITableViewControllerChallengeTests;
			productName = UITableViewControllerChallengeTests;
			productReference = E9A9FC8318C7046B00905F36 /* UITableViewControllerChallengeTests.xctest */;
			productType = "com.apple.product-type.bundle.unit-test";
		};
/* End PBXNativeTarget section */

/* Begin PBXProject section */
		E9A9FC5A18C7046A00905F36 /* Project object */ = {
			isa = PBXProject;
			attributes = {
				CLASSPREFIX = JZH;
				LastUpgradeCheck = 0500;
				ORGANIZATIONNAME = jzhone;
				TargetAttributes = {
					E9A9FC8218C7046B00905F36 = {
						TestTargetID = E9A9FC6118C7046A00905F36;
					};
				};
			};
			buildConfigurationList = E9A9FC5D18C7046A00905F36 /* Build configuration list for PBXProject "UITableViewControllerChallenge" */;
			compatibilityVersion = "Xcode 3.2";
			developmentRegion = English;
			hasScannedForEncodings = 0;
			knownRegions = (
				en,
				Base,
			);
			mainGroup = E9A9FC5918C7046A00905F36;
			productRefGroup = E9A9FC6318C7046A00905F36 /* Products */;
			projectDirPath = "";
			projectRoot = "";
			targets = (
				E9A9FC6118C7046A00905F36 /* UITableViewControllerChallenge */,
				E9A9FC8218C7046B00905F36 /* UITableViewControllerChallengeTests */,
			);
		};
/* End PBXProject section */

/* Begin PBXResourcesBuildPhase section */
		E9A9FC6018C7046A00905F36 /* Resources */ = {
			isa = PBXResourcesBuildPhase;
			buildActionMask = 2147483647;
			files = (
				E9A9FC7E18C7046B00905F36 /* Images.xcassets in Resources */,
				E9A9FC7018C7046B00905F36 /* InfoPlist.strings in Resources */,
				E9A9FC7918C7046B00905F36 /* Main.storyboard in Resources */,
			);
			runOnlyForDeploymentPostprocessing = 0;
		};
		E9A9FC8118C7046B00905F36 /* Resources */ = {
			isa = PBXResourcesBuildPhase;
			buildActionMask = 2147483647;
			files = (
				E9A9FC8F18C7046B00905F36 /* InfoPlist.strings in Resources */,
			);
			runOnlyForDeploymentPostprocessing = 0;
		};
/* End PBXResourcesBuildPhase section */

/* Begin PBXSourcesBuildPhase section */
		E9A9FC5E18C7046A00905F36 /* Sources */ = {
			isa = PBXSourcesBuildPhase;
			buildActionMask = 2147483647;
			files = (
				E9A9FC7218C7046B00905F36 /* main.m in Sources */,
				E9A9FC7C18C7046B00905F36 /* JZHViewController.m in Sources */,
				E9A9FC7618C7046B00905F36 /* JZHAppDelegate.m in Sources */,
			);
			runOnlyForDeploymentPostprocessing = 0;
		};
		E9A9FC7F18C7046B00905F36 /* Sources */ = {
			isa = PBXSourcesBuildPhase;
			buildActionMask = 2147483647;
			files = (
				E9A9FC9118C7046B00905F36 /* UITableViewControllerChallengeTests.m in Sources */,
			);
			runOnlyForDeploymentPostprocessing = 0;
		};
/* End PBXSourcesBuildPhase section */

/* Begin PBXTargetDependency section */
		E9A9FC8918C7046B00905F36 /* PBXTargetDependency */ = {
			isa = PBXTargetDependency;
			target = E9A9FC6118C7046A00905F36 /* UITableViewControllerChallenge */;
			targetProxy = E9A9FC8818C7046B00905F36 /* PBXContainerItemProxy */;
		};
/* End PBXTargetDependency section */

/* Begin PBXVariantGroup section */
		E9A9FC6E18C7046B00905F36 /* InfoPlist.strings */ = {
			isa = PBXVariantGroup;
			children = (
				E9A9FC6F18C7046B00905F36 /* en */,
			);
			name = InfoPlist.strings;
			sourceTree = "<group>";
		};
		E9A9FC7718C7046B00905F36 /* Main.storyboard */ = {
			isa = PBXVariantGroup;
			children = (
				E9A9FC7818C7046B00905F36 /* Base */,
			);
			name = Main.storyboard;
			sourceTree = "<group>";
		};
		E9A9FC8D18C7046B00905F36 /* InfoPlist.strings */ = {
			isa = PBXVariantGroup;
			children = (
				E9A9FC8E18C7046B00905F36 /* en */,
			);
			name = InfoPlist.strings;
			sourceTree = "<group>";
		};
/* End PBXVariantGroup section */

/* Begin XCBuildConfiguration section */
		E9A9FC9218C7046B00905F36 /* Debug */ = {
			isa = XCBuildConfiguration;
			buildSettings = {
				ALWAYS_SEARCH_USER_PATHS = NO;
				ARCHS = "$(ARCHS_STANDARD_INCLUDING_64_BIT)";
				CLANG_CXX_LANGUAGE_STANDARD = "gnu++0x";
				CLANG_CXX_LIBRARY = "libc++";
				CLANG_ENABLE_MODULES = YES;
				CLANG_ENABLE_OBJC_ARC = YES;
				CLANG_WARN_BOOL_CONVERSION = YES;
				CLANG_WARN_CONSTANT_CONVERSION = YES;
				CLANG_WARN_DIRECT_OBJC_ISA_USAGE = YES_ERROR;
				CLANG_WARN_EMPTY_BODY = YES;
				CLANG_WARN_ENUM_CONVERSION = YES;
				CLANG_WARN_INT_CONVERSION = YES;
				CLANG_WARN_OBJC_ROOT_CLASS = YES_ERROR;
				CLANG_WARN__DUPLICATE_METHOD_MATCH = YES;
				"CODE_SIGN_IDENTITY[sdk=iphoneos*]" = "iPhone Developer";
				COPY_PHASE_STRIP = NO;
				GCC_C_LANGUAGE_STANDARD = gnu99;
				GCC_DYNAMIC_NO_PIC = NO;
				GCC_OPTIMIZATION_LEVEL = 0;
				GCC_PREPROCESSOR_DEFINITIONS = (
					"DEBUG=1",
					"$(inherited)",
				);
				GCC_SYMBOLS_PRIVATE_EXTERN = NO;
				GCC_WARN_64_TO_32_BIT_CONVERSION = YES;
				GCC_WARN_ABOUT_RETURN_TYPE = YES_ERROR;
				GCC_WARN_UNDECLARED_SELECTOR = YES;
				GCC_WARN_UNINITIALIZED_AUTOS = YES;
				GCC_WARN_UNUSED_FUNCTION = YES;
				GCC_WARN_UNUSED_VARIABLE = YES;
				IPHONEOS_DEPLOYMENT_TARGET = 7.0;
				ONLY_ACTIVE_ARCH = YES;
				SDKROOT = iphoneos;
			};
			name = Debug;
		};
		E9A9FC9318C7046B00905F36 /* Release */ = {
			isa = XCBuildConfiguration;
			buildSettings = {
				ALWAYS_SEARCH_USER_PATHS = NO;
				ARCHS = "$(ARCHS_STANDARD_INCLUDING_64_BIT)";
				CLANG_CXX_LANGUAGE_STANDARD = "gnu++0x";
				CLANG_CXX_LIBRARY = "libc++";
				CLANG_ENABLE_MODULES = YES;
				CLANG_ENABLE_OBJC_ARC = YES;
				CLANG_WARN_BOOL_CONVERSION = YES;
				CLANG_WARN_CONSTANT_CONVERSION = YES;
				CLANG_WARN_DIRECT_OBJC_ISA_USAGE = YES_ERROR;
				CLANG_WARN_EMPTY_BODY = YES;
				CLANG_WARN_ENUM_CONVERSION = YES;
				CLANG_WARN_INT_CONVERSION = YES;
				CLANG_WARN_OBJC_ROOT_CLASS = YES_ERROR;
				CLANG_WARN__DUPLICATE_METHOD_MATCH = YES;
				"CODE_SIGN_IDENTITY[sdk=iphoneos*]" = "iPhone Developer";
				COPY_PHASE_STRIP = YES;
				ENABLE_NS_ASSERTIONS = NO;
				GCC_C_LANGUAGE_STANDARD = gnu99;
				GCC_WARN_64_TO_32_BIT_CONVERSION = YES;
				GCC_WARN_ABOUT_RETURN_TYPE = YES_ERROR;
				GCC_WARN_UNDECLARED_SELECTOR = YES;
				GCC_WARN_UNINITIALIZED_AUTOS = YES;
				GCC_WARN_UNUSED_FUNCTION = YES;
				GCC_WARN_UNUSED_VARIABLE = YES;
				IPHONEOS_DEPLOYMENT_TARGET = 7.0;
				SDKROOT = iphoneos;
				VALIDATE_PRODUCT = YES;
			};
			name = Release;
		};
		E9A9FC9518C7046B00905F36 /* Debug */ = {
			isa = XCBuildConfiguration;
			buildSettings = {
				ASSETCATALOG_COMPILER_APPICON_NAME = AppIcon;
				ASSETCATALOG_COMPILER_LAUNCHIMAGE_NAME = LaunchImage;
				GCC_PRECOMPILE_PREFIX_HEADER = YES;
				GCC_PREFIX_HEADER = "UITableViewControllerChallenge/UITableViewControllerChallenge-Prefix.pch";
				INFOPLIST_FILE = "UITableViewControllerChallenge/UITableViewControllerChallenge-Info.plist";
				PRODUCT_NAME = "$(TARGET_NAME)";
				WRAPPER_EXTENSION = app;
			};
			name = Debug;
		};
		E9A9FC9618C7046B00905F36 /* Release */ = {
			isa = XCBuildConfiguration;
			buildSettings = {
				ASSETCATALOG_COMPILER_APPICON_NAME = AppIcon;
				ASSETCATALOG_COMPILER_LAUNCHIMAGE_NAME = LaunchImage;
				GCC_PRECOMPILE_PREFIX_HEADER = YES;
				GCC_PREFIX_HEADER = "UITableViewControllerChallenge/UITableViewControllerChallenge-Prefix.pch";
				INFOPLIST_FILE = "UITableViewControllerChallenge/UITableViewControllerChallenge-Info.plist";
				PRODUCT_NAME = "$(TARGET_NAME)";
				WRAPPER_EXTENSION = app;
			};
			name = Release;
		};
		E9A9FC9818C7046B00905F36 /* Debug */ = {
			isa = XCBuildConfiguration;
			buildSettings = {
				ARCHS = "$(ARCHS_STANDARD_INCLUDING_64_BIT)";
				BUNDLE_LOADER = "$(BUILT_PRODUCTS_DIR)/UITableViewControllerChallenge.app/UITableViewControllerChallenge";
				FRAMEWORK_SEARCH_PATHS = (
					"$(SDKROOT)/Developer/Library/Frameworks",
					"$(inherited)",
					"$(DEVELOPER_FRAMEWORKS_DIR)",
				);
				GCC_PRECOMPILE_PREFIX_HEADER = YES;
				GCC_PREFIX_HEADER = "UITableViewControllerChallenge/UITableViewControllerChallenge-Prefix.pch";
				GCC_PREPROCESSOR_DEFINITIONS = (
					"DEBUG=1",
					"$(inherited)",
				);
				INFOPLIST_FILE = "UITableViewControllerChallengeTests/UITableViewControllerChallengeTests-Info.plist";
				PRODUCT_NAME = "$(TARGET_NAME)";
				TEST_HOST = "$(BUNDLE_LOADER)";
				WRAPPER_EXTENSION = xctest;
			};
			name = Debug;
		};
		E9A9FC9918C7046B00905F36 /* Release */ = {
			isa = XCBuildConfiguration;
			buildSettings = {
				ARCHS = "$(ARCHS_STANDARD_INCLUDING_64_BIT)";
				BUNDLE_LOADER = "$(BUILT_PRODUCTS_DIR)/UITableViewControllerChallenge.app/UITableViewControllerChallenge";
				FRAMEWORK_SEARCH_PATHS = (
					"$(SDKROOT)/Developer/Library/Frameworks",
					"$(inherited)",
					"$(DEVELOPER_FRAMEWORKS_DIR)",
				);
				GCC_PRECOMPILE_PREFIX_HEADER = YES;
				GCC_PREFIX_HEADER = "UITableViewControllerChallenge/UITableViewControllerChallenge-Prefix.pch";
				INFOPLIST_FILE = "UITableViewControllerChallengeTests/UITableViewControllerChallengeTests-Info.plist";
				PRODUCT_NAME = "$(TARGET_NAME)";
				TEST_HOST = "$(BUNDLE_LOADER)";
				WRAPPER_EXTENSION = xctest;
			};
			name = Release;
		};
/* End XCBuildConfiguration section */

/* Begin XCConfigurationList section */
		E9A9FC5D18C7046A00905F36 /* Build configuration list for PBXProject "UITableViewControllerChallenge" */ = {
			isa = XCConfigurationList;
			buildConfigurations = (
				E9A9FC9218C7046B00905F36 /* Debug */,
				E9A9FC9318C7046B00905F36 /* Release */,
			);
			defaultConfigurationIsVisible = 0;
			defaultConfigurationName = Release;
		};
		E9A9FC9418C7046B00905F36 /* Build configuration list for PBXNativeTarget "UITableViewControllerChallenge" */ = {
			isa = XCConfigurationList;
			buildConfigurations = (
				E9A9FC9518C7046B00905F36 /* Debug */,
				E9A9FC9618C7046B00905F36 /* Release */,
			);
			defaultConfigurationIsVisible = 0;
		};
		E9A9FC9718C7046B00905F36 /* Build configuration list for PBXNativeTarget "UITableViewControllerChallengeTests" */ = {
			isa = XCConfigurationList;
			buildConfigurations = (
				E9A9FC9818C7046B00905F36 /* Debug */,
				E9A9FC9918C7046B00905F36 /* Release */,
			);
			defaultConfigurationIsVisible = 0;
		};
/* End XCConfigurationList section */
	};
	rootObject = E9A9FC5A18C7046A00905F36 /* Project object */;
}
